
Microsoft Visual Studio Solution File, Format Version 12.00
# Visual Studio Version 17
VisualStudioVersion = 17.5.002.0
MinimumVisualStudioVersion = 10.0.40219.1
Project("{9A19103F-16F7-4668-BE54-9A1E7A4F7556}") = "FollowService", "FollowService\FollowService.csproj", "{ED29ABDF-96CD-448B-81B1-07AB085934EB}"
EndProject
Project("{9A19103F-16F7-4668-BE54-9A1E7A4F7556}") = "UserService", "UserService\UserService.csproj", "{3089B543-741C-4CB4-809C-6ED9128DDBA7}"
EndProject
Project("{FAE04EC0-301F-11D3-BF4B-00C04F79EFBC}") = "PostService", "PostService\PostService.csproj", "{D953CEDD-7DD9-4FF6-9509-06DC41316087}"
EndProject
Project("{FAE04EC0-301F-11D3-BF4B-00C04F79EFBC}") = "MusicTrackService", "MusicTrackService\MusicTrackService.csproj", "{A0A4B9DF-71BE-460F-959F-499B97A01338}"
EndProject
Project("{FAE04EC0-301F-11D3-BF4B-00C04F79EFBC}") = "LocationService", "LocationService\LocationService.csproj", "{CBAC3E37-1B6F-45B4-817C-000D26311DE6}"
EndProject
Global
	GlobalSection(SolutionConfigurationPlatforms) = preSolution
		Debug|Any CPU = Debug|Any CPU
		Release|Any CPU = Release|Any CPU
	EndGlobalSection
	GlobalSection(ProjectConfigurationPlatforms) = postSolution
		{ED29ABDF-96CD-448B-81B1-07AB085934EB}.Debug|Any CPU.ActiveCfg = Debug|Any CPU
		{ED29ABDF-96CD-448B-81B1-07AB085934EB}.Debug|Any CPU.Build.0 = Debug|Any CPU
		{ED29ABDF-96CD-448B-81B1-07AB085934EB}.Release|Any CPU.ActiveCfg = Release|Any CPU
		{ED29ABDF-96CD-448B-81B1-07AB085934EB}.Release|Any CPU.Build.0 = Release|Any CPU
		{3089B543-741C-4CB4-809C-6ED9128DDBA7}.Debug|Any CPU.ActiveCfg = Debug|Any CPU
		{3089B543-741C-4CB4-809C-6ED9128DDBA7}.Debug|Any CPU.Build.0 = Debug|Any CPU
		{3089B543-741C-4CB4-809C-6ED9128DDBA7}.Release|Any CPU.ActiveCfg = Release|Any CPU
		{3089B543-741C-4CB4-809C-6ED9128DDBA7}.Release|Any CPU.Build.0 = Release|Any CPU
		{D953CEDD-7DD9-4FF6-9509-06DC41316087}.Debug|Any CPU.ActiveCfg = Debug|Any CPU
		{D953CEDD-7DD9-4FF6-9509-06DC41316087}.Debug|Any CPU.Build.0 = Debug|Any CPU
		{D953CEDD-7DD9-4FF6-9509-06DC41316087}.Release|Any CPU.ActiveCfg = Release|Any CPU
		{D953CEDD-7DD9-4FF6-9509-06DC41316087}.Release|Any CPU.Build.0 = Release|Any CPU
		{A0A4B9DF-71BE-460F-959F-499B97A01338}.Debug|Any CPU.ActiveCfg = Debug|Any CPU
		{A0A4B9DF-71BE-460F-959F-499B97A01338}.Debug|Any CPU.Build.0 = Debug|Any CPU
		{A0A4B9DF-71BE-460F-959F-499B97A01338}.Release|Any CPU.ActiveCfg = Release|Any CPU
		{A0A4B9DF-71BE-460F-959F-499B97A01338}.Release|Any CPU.Build.0 = Release|Any CPU
		{CBAC3E37-1B6F-45B4-817C-000D26311DE6}.Debug|Any CPU.ActiveCfg = Debug|Any CPU
		{CBAC3E37-1B6F-45B4-817C-000D26311DE6}.Debug|Any CPU.Build.0 = Debug|Any CPU
		{CBAC3E37-1B6F-45B4-817C-000D26311DE6}.Release|Any CPU.ActiveCfg = Release|Any CPU
		{CBAC3E37-1B6F-45B4-817C-000D26311DE6}.Release|Any CPU.Build.0 = Release|Any CPU
	EndGlobalSection
	GlobalSection(SolutionProperties) = preSolution
		HideSolutionNode = FALSE
	EndGlobalSection
	GlobalSection(ExtensibilityGlobals) = postSolution
		SolutionGuid = {8657FE47-6448-40E7-93B2-5F00F84B8834}
	EndGlobalSection
EndGlobal
